
Microsoft Visual Studio Solution File, Format Version 12.00
# Visual Studio Version 17
VisualStudioVersion = 17.0.31903.59
MinimumVisualStudioVersion = 10.0.40219.1
Project("{2150E333-8FDC-42A3-9474-1A3956D46DE8}") = "src", "src", "{827E0CD3-B72D-47B6-A68D-7590B98EB39B}"
EndProject
Project("{FAE04EC0-301F-11D3-BF4B-00C04F79EFBC}") = "TutoringQuiz.Domain", "src\TutoringQuiz.Domain\TutoringQuiz.Domain.csproj", "{E7EC0D30-8029-4592-9B81-33E8DCABE4E6}"
EndProject
Project("{FAE04EC0-301F-11D3-BF4B-00C04F79EFBC}") = "TutoringQuiz.Application", "src\TutoringQuiz.Application\TutoringQuiz.Application.csproj", "{5FA43736-76A3-4F8A-841A-533BF6A223F6}"
EndProject
Project("{FAE04EC0-301F-11D3-BF4B-00C04F79EFBC}") = "TutoringQuiz.Infrastructure", "src\TutoringQuiz.Infrastructure\TutoringQuiz.Infrastructure.csproj", "{B93E4967-B025-4188-B960-6AFA86B3C52E}"
EndProject
Project("{FAE04EC0-301F-11D3-BF4B-00C04F79EFBC}") = "TutoringQuiz.Api", "src\TutoringQuiz.Api\TutoringQuiz.Api.csproj", "{A1C31CEF-9FAF-4FBA-95CD-6488115D1BAE}"
EndProject
Project("{2150E333-8FDC-42A3-9474-1A3956D46DE8}") = "tests", "tests", "{0AB3BF05-4346-4AA6-1389-037BE0695223}"
EndProject
Project("{FAE04EC0-301F-11D3-BF4B-00C04F79EFBC}") = "TutoringQuiz.Domain.Tests", "tests\TutoringQuiz.Domain.Tests\TutoringQuiz.Domain.Tests.csproj", "{CA0C92BA-C6DD-4BBD-A088-55769591B741}"
EndProject
Project("{FAE04EC0-301F-11D3-BF4B-00C04F79EFBC}") = "TutoringQuiz.Api.IntegrationTests", "tests\TutoringQuiz.Api.IntegrationTests\TutoringQuiz.Api.IntegrationTests.csproj", "{492527F1-111F-4B9C-92C8-C04025039F0F}"
EndProject
Global
	GlobalSection(SolutionConfigurationPlatforms) = preSolution
		Debug|Any CPU = Debug|Any CPU
		Debug|x64 = Debug|x64
		Debug|x86 = Debug|x86
		Release|Any CPU = Release|Any CPU
		Release|x64 = Release|x64
		Release|x86 = Release|x86
	EndGlobalSection
	GlobalSection(ProjectConfigurationPlatforms) = postSolution
		{E7EC0D30-8029-4592-9B81-33E8DCABE4E6}.Debug|Any CPU.ActiveCfg = Debug|Any CPU
		{E7EC0D30-8029-4592-9B81-33E8DCABE4E6}.Debug|Any CPU.Build.0 = Debug|Any CPU
		{E7EC0D30-8029-4592-9B81-33E8DCABE4E6}.Debug|x64.ActiveCfg = Debug|Any CPU
		{E7EC0D30-8029-4592-9B81-33E8DCABE4E6}.Debug|x64.Build.0 = Debug|Any CPU
		{E7EC0D30-8029-4592-9B81-33E8DCABE4E6}.Debug|x86.ActiveCfg = Debug|Any CPU
		{E7EC0D30-8029-4592-9B81-33E8DCABE4E6}.Debug|x86.Build.0 = Debug|Any CPU
		{E7EC0D30-8029-4592-9B81-33E8DCABE4E6}.Release|Any CPU.ActiveCfg = Release|Any CPU
		{E7EC0D30-8029-4592-9B81-33E8DCABE4E6}.Release|Any CPU.Build.0 = Release|Any CPU
		{E7EC0D30-8029-4592-9B81-33E8DCABE4E6}.Release|x64.ActiveCfg = Release|Any CPU
		{E7EC0D30-8029-4592-9B81-33E8DCABE4E6}.Release|x64.Build.0 = Release|Any CPU
		{E7EC0D30-8029-4592-9B81-33E8DCABE4E6}.Release|x86.ActiveCfg = Release|Any CPU
		{E7EC0D30-8029-4592-9B81-33E8DCABE4E6}.Release|x86.Build.0 = Release|Any CPU
		{5FA43736-76A3-4F8A-841A-533BF6A223F6}.Debug|Any CPU.ActiveCfg = Debug|Any CPU
		{5FA43736-76A3-4F8A-841A-533BF6A223F6}.Debug|Any CPU.Build.0 = Debug|Any CPU
		{5FA43736-76A3-4F8A-841A-533BF6A223F6}.Debug|x64.ActiveCfg = Debug|Any CPU
		{5FA43736-76A3-4F8A-841A-533BF6A223F6}.Debug|x64.Build.0 = Debug|Any CPU
		{5FA43736-76A3-4F8A-841A-533BF6A223F6}.Debug|x86.ActiveCfg = Debug|Any CPU
		{5FA43736-76A3-4F8A-841A-533BF6A223F6}.Debug|x86.Build.0 = Debug|Any CPU
		{5FA43736-76A3-4F8A-841A-533BF6A223F6}.Release|Any CPU.ActiveCfg = Release|Any CPU
		{5FA43736-76A3-4F8A-841A-533BF6A223F6}.Release|Any CPU.Build.0 = Release|Any CPU
		{5FA43736-76A3-4F8A-841A-533BF6A223F6}.Release|x64.ActiveCfg = Release|Any CPU
		{5FA43736-76A3-4F8A-841A-533BF6A223F6}.Release|x64.Build.0 = Release|Any CPU
		{5FA43736-76A3-4F8A-841A-533BF6A223F6}.Release|x86.ActiveCfg = Release|Any CPU
		{5FA43736-76A3-4F8A-841A-533BF6A223F6}.Release|x86.Build.0 = Release|Any CPU
		{B93E4967-B025-4188-B960-6AFA86B3C52E}.Debug|Any CPU.ActiveCfg = Debug|Any CPU
		{B93E4967-B025-4188-B960-6AFA86B3C52E}.Debug|Any CPU.Build.0 = Debug|Any CPU
		{B93E4967-B025-4188-B960-6AFA86B3C52E}.Debug|x64.ActiveCfg = Debug|Any CPU
		{B93E4967-B025-4188-B960-6AFA86B3C52E}.Debug|x64.Build.0 = Debug|Any CPU
		{B93E4967-B025-4188-B960-6AFA86B3C52E}.Debug|x86.ActiveCfg = Debug|Any CPU
		{B93E4967-B025-4188-B960-6AFA86B3C52E}.Debug|x86.Build.0 = Debug|Any CPU
		{B93E4967-B025-4188-B960-6AFA86B3C52E}.Release|Any CPU.ActiveCfg = Release|Any CPU
		{B93E4967-B025-4188-B960-6AFA86B3C52E}.Release|Any CPU.Build.0 = Release|Any CPU
		{B93E4967-B025-4188-B960-6AFA86B3C52E}.Release|x64.ActiveCfg = Release|Any CPU
		{B93E4967-B025-4188-B960-6AFA86B3C52E}.Release|x64.Build.0 = Release|Any CPU
		{B93E4967-B025-4188-B960-6AFA86B3C52E}.Release|x86.ActiveCfg = Release|Any CPU
		{B93E4967-B025-4188-B960-6AFA86B3C52E}.Release|x86.Build.0 = Release|Any CPU
		{A1C31CEF-9FAF-4FBA-95CD-6488115D1BAE}.Debug|Any CPU.ActiveCfg = Debug|Any CPU
		{A1C31CEF-9FAF-4FBA-95CD-6488115D1BAE}.Debug|Any CPU.Build.0 = Debug|Any CPU
		{A1C31CEF-9FAF-4FBA-95CD-6488115D1BAE}.Debug|x64.ActiveCfg = Debug|Any CPU
		{A1C31CEF-9FAF-4FBA-95CD-6488115D1BAE}.Debug|x64.Build.0 = Debug|Any CPU
		{A1C31CEF-9FAF-4FBA-95CD-6488115D1BAE}.Debug|x86.ActiveCfg = Debug|Any CPU
		{A1C31CEF-9FAF-4FBA-95CD-6488115D1BAE}.Debug|x86.Build.0 = Debug|Any CPU
		{A1C31CEF-9FAF-4FBA-95CD-6488115D1BAE}.Release|Any CPU.ActiveCfg = Release|Any CPU
		{A1C31CEF-9FAF-4FBA-95CD-6488115D1BAE}.Release|Any CPU.Build.0 = Release|Any CPU
		{A1C31CEF-9FAF-4FBA-95CD-6488115D1BAE}.Release|x64.ActiveCfg = Release|Any CPU
		{A1C31CEF-9FAF-4FBA-95CD-6488115D1BAE}.Release|x64.Build.0 = Release|Any CPU
		{A1C31CEF-9FAF-4FBA-95CD-6488115D1BAE}.Release|x86.ActiveCfg = Release|Any CPU
		{A1C31CEF-9FAF-4FBA-95CD-6488115D1BAE}.Release|x86.Build.0 = Release|Any CPU
		{CA0C92BA-C6DD-4BBD-A088-55769591B741}.Debug|Any CPU.ActiveCfg = Debug|Any CPU
		{CA0C92BA-C6DD-4BBD-A088-55769591B741}.Debug|Any CPU.Build.0 = Debug|Any CPU
		{CA0C92BA-C6DD-4BBD-A088-55769591B741}.Debug|x64.ActiveCfg = Debug|Any CPU
		{CA0C92BA-C6DD-4BBD-A088-55769591B741}.Debug|x64.Build.0 = Debug|Any CPU
		{CA0C92BA-C6DD-4BBD-A088-55769591B741}.Debug|x86.ActiveCfg = Debug|Any CPU
		{CA0C92BA-C6DD-4BBD-A088-55769591B741}.Debug|x86.Build.0 = Debug|Any CPU
		{CA0C92BA-C6DD-4BBD-A088-55769591B741}.Release|Any CPU.ActiveCfg = Release|Any CPU
		{CA0C92BA-C6DD-4BBD-A088-55769591B741}.Release|Any CPU.Build.0 = Release|Any CPU
		{CA0C92BA-C6DD-4BBD-A088-55769591B741}.Release|x64.ActiveCfg = Release|Any CPU
		{CA0C92BA-C6DD-4BBD-A088-55769591B741}.Release|x64.Build.0 = Release|Any CPU
		{CA0C92BA-C6DD-4BBD-A088-55769591B741}.Release|x86.ActiveCfg = Release|Any CPU
		{CA0C92BA-C6DD-4BBD-A088-55769591B741}.Release|x86.Build.0 = Release|Any CPU
		{492527F1-111F-4B9C-92C8-C04025039F0F}.Debug|Any CPU.ActiveCfg = Debug|Any CPU
		{492527F1-111F-4B9C-92C8-C04025039F0F}.Debug|Any CPU.Build.0 = Debug|Any CPU
		{492527F1-111F-4B9C-92C8-C04025039F0F}.Debug|x64.ActiveCfg = Debug|Any CPU
		{492527F1-111F-4B9C-92C8-C04025039F0F}.Debug|x64.Build.0 = Debug|Any CPU
		{492527F1-111F-4B9C-92C8-C04025039F0F}.Debug|x86.ActiveCfg = Debug|Any CPU
		{492527F1-111F-4B9C-92C8-C04025039F0F}.Debug|x86.Build.0 = Debug|Any CPU
		{492527F1-111F-4B9C-92C8-C04025039F0F}.Release|Any CPU.ActiveCfg = Release|Any CPU
		{492527F1-111F-4B9C-92C8-C04025039F0F}.Release|Any CPU.Build.0 = Release|Any CPU
		{492527F1-111F-4B9C-92C8-C04025039F0F}.Release|x64.ActiveCfg = Release|Any CPU
		{492527F1-111F-4B9C-92C8-C04025039F0F}.Release|x64.Build.0 = Release|Any CPU
		{492527F1-111F-4B9C-92C8-C04025039F0F}.Release|x86.ActiveCfg = Release|Any CPU
		{492527F1-111F-4B9C-92C8-C04025039F0F}.Release|x86.Build.0 = Release|Any CPU
	EndGlobalSection
	GlobalSection(SolutionProperties) = preSolution
		HideSolutionNode = FALSE
	EndGlobalSection
	GlobalSection(NestedProjects) = preSolution
		{E7EC0D30-8029-4592-9B81-33E8DCABE4E6} = {827E0CD3-B72D-47B6-A68D-7590B98EB39B}
		{5FA43736-76A3-4F8A-841A-533BF6A223F6} = {827E0CD3-B72D-47B6-A68D-7590B98EB39B}
		{B93E4967-B025-4188-B960-6AFA86B3C52E} = {827E0CD3-B72D-47B6-A68D-7590B98EB39B}
		{A1C31CEF-9FAF-4FBA-95CD-6488115D1BAE} = {827E0CD3-B72D-47B6-A68D-7590B98EB39B}
		{CA0C92BA-C6DD-4BBD-A088-55769591B741} = {0AB3BF05-4346-4AA6-1389-037BE0695223}
		{492527F1-111F-4B9C-92C8-C04025039F0F} = {0AB3BF05-4346-4AA6-1389-037BE0695223}
	EndGlobalSection
EndGlobal
